# This file was autogenerated by Stack.
# You should not edit this file by hand.
# For more information, please see the documentation at:
#   https://docs.haskellstack.org/en/stable/lock_files

packages:
- completed:
    name: PL
    version: 0.2.0.0
    git: https://github.com/syallop/PLCore
    pantry-tree:
      size: 4797
      sha256: a0ae5886800715bb5c637b07ee0245929f466e2b2c315c6693fb1de610e3df1a
    commit: 359f517d0d467b78b5376090810419b8a0597bed
  original:
    git: https://github.com/syallop/PLCore
    commit: 359f517d0d467b78b5376090810419b8a0597bed
- completed:
    name: PLParser
    version: 0.2.0.0
    git: https://github.com/syallop/PLParser
    pantry-tree:
      size: 1859
      sha256: d15f554fa9ce21d8ddc2e1bf1fc9f13f47eb0a8691c2eadaa3e212170a174cea
    commit: a392db9fdc97022cb3adb33c708fb065c1aedff9
  original:
    git: https://github.com/syallop/PLParser
    commit: a392db9fdc97022cb3adb33c708fb065c1aedff9
- completed:
    name: PLGrammar
    version: 0.4.0.0
    git: https://github.com/syallop/PLGrammar
    pantry-tree:
      size: 465
      sha256: e28d7d2f12da050c809460c22f52059c4ca6136388f7cb34cc47819610c35725
    commit: ece33dda877ed6b2199ebc6528fdc825302b3978
  original:
    git: https://github.com/syallop/PLGrammar
    commit: ece33dda877ed6b2199ebc6528fdc825302b3978
- completed:
    name: Reversible
    version: 0.1.0.0
    git: https://github.com/syallop/Reversible
    pantry-tree:
      size: 361
      sha256: 2378bf7bb114b675420f6853a0dbe37ad85d00385aca1caef6ea30abd3fb3d73
    commit: 84188a89af962716dc0534d552da715305cb0cf5
  original:
    git: https://github.com/syallop/Reversible
    commit: 84188a89af962716dc0534d552da715305cb0cf5
- completed:
    name: PLLabel
    version: 0.1.0.0
    git: https://github.com/syallop/PLLabel
    pantry-tree:
      size: 252
      sha256: ed2f57d6d8e962a4d1f7d4e5d178ce9c8a5738fe191e0024a4ea3dd977abed1c
    commit: 678354d723effe569aae83623d25191c25e219a0
  original:
    git: https://github.com/syallop/PLLabel
    commit: 678354d723effe569aae83623d25191c25e219a0
- completed:
    name: PLPrinter
    version: 0.3.0.0
    git: https://github.com/syallop/PLPrinter
    pantry-tree:
      size: 420
      sha256: 7d8466c68503d273d1e72dddaee0ff9b587d70cd11b8196415bbd3a5dcf5f93d
    commit: 29c1fc4fe5f33086bed4855e016aa56aa80264af
  original:
    git: https://github.com/syallop/PLPrinter
    commit: 29c1fc4fe5f33086bed4855e016aa56aa80264af
- completed:
    name: PLHash
    version: 0.2.0.0
    git: https://github.com/syallop/PLHash
    pantry-tree:
      size: 306
      sha256: 5192278fb1c8a4dc1796ed39aa588dcc83968602201fca8fd6be36ab23864815
    commit: 8b2c8d586f55813851740dc64e24677db42eef77
  original:
    git: https://github.com/syallop/PLHash
    commit: 8b2c8d586f55813851740dc64e24677db42eef77
- completed:
    subdir: Store
    name: PLStore
    version: 0.1.0.0
    git: https://github.com/syallop/PLStore
    pantry-tree:
      size: 211
      sha256: f662fc6cabc3b5bceb8a5d25ccf3b3672a47c3f352770dc688473923f36c560b
    commit: 3406f7f2e6eb15c83eebb689a08b871f21c2c0d3
  original:
    subdir: Store
    git: https://github.com/syallop/PLStore
    commit: 3406f7f2e6eb15c83eebb689a08b871f21c2c0d3
- completed:
    subdir: Hash
    name: PLStore-Hash
    version: 0.1.0.0
    git: https://github.com/syallop/PLStore
    pantry-tree:
      size: 119
      sha256: a3ed9c9903b86c7f2d1c176ef92681ce9e09d6ce65c01e34efac8ca5ad1b9b1f
    commit: 3406f7f2e6eb15c83eebb689a08b871f21c2c0d3
  original:
    subdir: Hash
    git: https://github.com/syallop/PLStore
    commit: 3406f7f2e6eb15c83eebb689a08b871f21c2c0d3
- completed:
    name: DSL-Compose
    version: 0.5.0.0
    git: https://github.com/syallop/DSL-Compose.git
    pantry-tree:
      size: 886
      sha256: 019137f91c5e3c365e1d657fec7d17bdf7aaaa764547edd5cee17c0bf4d894fd
    commit: 8e49641f049c586e21c36c6982f51670082e1e3f
  original:
    git: https://github.com/syallop/DSL-Compose.git
    commit: 8e49641f049c586e21c36c6982f51670082e1e3f
- completed:
    hackage: pretty-tree-0.1.0.0@sha256:49b0e17008f9d30328db2bcc2958f3a7b78d154d2335c2dbaa2073e237b524ae,668
    pantry-tree:
      size: 214
      sha256: 810d2e5cafbecd6d0d0af42b2522d9e55be0241a03a688cdde2cca10490e1b0a
  original:
    hackage: pretty-tree-0.1.0.0@sha256:49b0e17008f9d30328db2bcc2958f3a7b78d154d2335c2dbaa2073e237b524ae,668
- completed:
    hackage: base58-bytestring-0.1.0@sha256:a1da72ee89d5450bac1c792d9fcbe95ed7154ab7246f2172b57bd4fd9b5eab79,1913
    pantry-tree:
      size: 419
      sha256: 053784f8edef6433518c873a7c502dc75348f812e2384e1306f90467ea54f40b
  original:
    hackage: base58-bytestring-0.1.0@sha256:a1da72ee89d5450bac1c792d9fcbe95ed7154ab7246f2172b57bd4fd9b5eab79,1913
- completed:
    hackage: hashing-0.1.0.1@sha256:98861f16791946cdf28e3c7a6ee9ac8b72d546d6e33c569c7087ef18253294e7,2816
    pantry-tree:
      size: 704
      sha256: a204259113ac5761ded1dac7e37a9d54245f84c8adaeec452346fe3256337d83
  original:
    hackage: hashing-0.1.0.1@sha256:98861f16791946cdf28e3c7a6ee9ac8b72d546d6e33c569c7087ef18253294e7,2816
- completed:
    hackage: filepath-bytestring-1.4.2.1.6@sha256:77e1c914b11da3c8b8df61e43a457339dd86dbc4c0ec86973ba178057bfe4fa2,2493
    pantry-tree:
      size: 821
      sha256: 9e209bea77e690aee4e317c8708f1ccb16dae39bcbbd3927d858d4b6238b5bc0
  original:
    hackage: filepath-bytestring-1.4.2.1.6@sha256:77e1c914b11da3c8b8df61e43a457339dd86dbc4c0ec86973ba178057bfe4fa2,2493
snapshots:
- completed:
    size: 565720
    url: https://raw.githubusercontent.com/commercialhaskell/stackage-snapshots/master/lts/17/8.yaml
    sha256: 76bf8992ff8dfe6eda9c02f81866138c2369344d5011ab39ae403457c4448b03
  original: lts-17.8
